
Microsoft Visual Studio Solution File, Format Version 12.00
# Visual Studio Version 17
VisualStudioVersion = 17.0.32014.148
MinimumVisualStudioVersion = 10.0.40219.1
Project("{888888A0-9F3D-457C-B088-3A5042F75D52}") = "python lab 1", "python lab 1.pyproj", "{F150F73B-3C3D-454B-91AA-55969A197440}"
EndProject
Global
	GlobalSection(SolutionConfigurationPlatforms) = preSolution
		Debug|Any CPU = Debug|Any CPU
		Release|Any CPU = Release|Any CPU
	EndGlobalSection
	GlobalSection(ProjectConfigurationPlatforms) = postSolution
		{F150F73B-3C3D-454B-91AA-55969A197440}.Debug|Any CPU.ActiveCfg = Debug|Any CPU
		{F150F73B-3C3D-454B-91AA-55969A197440}.Release|Any CPU.ActiveCfg = Release|Any CPU
	EndGlobalSection
	GlobalSection(SolutionProperties) = preSolution
		HideSolutionNode = FALSE
	EndGlobalSection
	GlobalSection(ExtensibilityGlobals) = postSolution
		SolutionGuid = {56CC2973-3DE1-4024-AFAC-27FF34301E5A}
	EndGlobalSection
EndGlobal
